
Microsoft Visual Studio Solution File, Format Version 12.00
# Visual Studio 15
VisualStudioVersion = 15.0.28010.2016
MinimumVisualStudioVersion = 10.0.40219.1
Project("{9A19103F-16F7-4668-BE54-9A1E7A4F7556}") = "SWE.Async", "SWE.Async\SWE.Async.csproj", "{8BDB05E5-D046-4F60-91E9-86207625070E}"
EndProject
Project("{9A19103F-16F7-4668-BE54-9A1E7A4F7556}") = "SWE.Async.Test", "SWE.Async.Test\SWE.Async.Test.csproj", "{B5A26BC3-CC9A-49B2-87EA-5EEE1869435A}"
EndProject
Project("{9A19103F-16F7-4668-BE54-9A1E7A4F7556}") = "SWE.Xunit", "SWE.Xunit\SWE.Xunit.csproj", "{F6EB190B-A1F3-4CB8-BCB4-6F9F9CDE11A5}"
EndProject
Project("{9A19103F-16F7-4668-BE54-9A1E7A4F7556}") = "SWE.Expression", "SWE.Expression\SWE.Expression.csproj", "{E84962AD-02E9-4096-8DB2-DFE596C39DAD}"
EndProject
Project("{9A19103F-16F7-4668-BE54-9A1E7A4F7556}") = "SWE.Expression.Test", "SWE.Expression.Test\SWE.Expression.Test.csproj", "{CC204F7C-4AD4-4FEA-B4A9-EDA164C0F652}"
EndProject
Project("{9A19103F-16F7-4668-BE54-9A1E7A4F7556}") = "SWE.BasicType.Test", "SWE.BasicType.Test\SWE.BasicType.Test.csproj", "{8E170A11-EDD5-48AD-A57C-0FA1A3EA032F}"
EndProject
Project("{9A19103F-16F7-4668-BE54-9A1E7A4F7556}") = "SWE.Model.Test", "SWE.Model.Test\SWE.Model.Test.csproj", "{AB7C38BF-84C8-4CD9-BDFD-EFB12DBE0953}"
EndProject
Project("{9A19103F-16F7-4668-BE54-9A1E7A4F7556}") = "SWE.Contract.Test", "SWE.Contract.Test\SWE.Contract.Test.csproj", "{D3CED6E9-A39E-4B25-9C43-74B8CB03F736}"
EndProject
Project("{9A19103F-16F7-4668-BE54-9A1E7A4F7556}") = "SWE.Model", "SWE.Model\SWE.Model.csproj", "{0634376A-AD25-4FBB-A647-3A7F5DF15175}"
EndProject
Project("{9A19103F-16F7-4668-BE54-9A1E7A4F7556}") = "SWE.BasicType", "SWE.BasicType\SWE.BasicType.csproj", "{2304B00A-25DC-460D-A11C-F25369BE4B71}"
EndProject
Project("{9A19103F-16F7-4668-BE54-9A1E7A4F7556}") = "SWE.Contract", "SWE.Contract\SWE.Contract.csproj", "{789FACCE-B29B-4136-ACD2-7CB85107BE24}"
EndProject
Project("{9A19103F-16F7-4668-BE54-9A1E7A4F7556}") = "SWE.BasicType.Date", "SWE.BasicType.Date\SWE.BasicType.Date.csproj", "{BB8363E4-E582-4BC1-AFB7-8FCD18E89721}"
EndProject
Project("{9A19103F-16F7-4668-BE54-9A1E7A4F7556}") = "SWE.BasicType.Date.Test", "SWE.BasicType.Date.Test\SWE.BasicType.Date.Test.csproj", "{8FFEBEBE-ADF5-440F-AA22-6AE50469018D}"
EndProject
Project("{9A19103F-16F7-4668-BE54-9A1E7A4F7556}") = "SWE.Reflection.Test", "SWE.Reflection.Test\SWE.Reflection.Test.csproj", "{C7DA6CA7-ED28-47A5-93A9-F0C2541663B2}"
EndProject
Project("{9A19103F-16F7-4668-BE54-9A1E7A4F7556}") = "SWE.Reflection", "SWE.Reflection\SWE.Reflection.csproj", "{E0405AB1-E751-4D69-A9CE-00D9B15DC19B}"
EndProject
Project("{9A19103F-16F7-4668-BE54-9A1E7A4F7556}") = "SWE.Collection", "SWE.Collection\SWE.Collection.csproj", "{A05EA937-7740-4BB4-83D0-D7FB31CEDB42}"
EndProject
Project("{9A19103F-16F7-4668-BE54-9A1E7A4F7556}") = "SWE.Collection.Test", "SWE.Collection.Test\SWE.Collection.Test.csproj", "{F63E906C-46DA-4A75-A41E-EB53AFCBD8D8}"
EndProject
Project("{9A19103F-16F7-4668-BE54-9A1E7A4F7556}") = "SWE.Builder.Test", "SWE.Builder.Test\SWE.Builder.Test.csproj", "{1D647B13-A8AB-48B4-8F7E-8B3DDEB1FC11}"
EndProject
Project("{9A19103F-16F7-4668-BE54-9A1E7A4F7556}") = "SWE.Monad.Test", "Swe.Monad.Test\SWE.Monad.Test.csproj", "{C0C19B73-6E6C-4617-A56A-8157DB14A023}"
EndProject
Project("{9A19103F-16F7-4668-BE54-9A1E7A4F7556}") = "SWE.Builder", "SWE.Builder\SWE.Builder.csproj", "{DAA98F8E-2DC8-405D-8E76-7F82010292A8}"
EndProject
Project("{9A19103F-16F7-4668-BE54-9A1E7A4F7556}") = "SWE.Monad", "SWE.Monad\SWE.Monad.csproj", "{B6664B01-0003-47D5-9B79-BE4DB34E6087}"
EndProject
Project("{9A19103F-16F7-4668-BE54-9A1E7A4F7556}") = "SWE.Packer", "SWE.Packer\SWE.Packer.csproj", "{7F954BF7-D9CA-4A84-B6F3-77145F00C403}"
EndProject
Project("{FAE04EC0-301F-11D3-BF4B-00C04F79EFBC}") = "SWE.EventSourcing.Test", "SWE.EventSourcing.Test\SWE.EventSourcing.Test.csproj", "{1F5C9B98-DDAD-4474-BEC0-91917A216DE9}"
EndProject
Project("{FAE04EC0-301F-11D3-BF4B-00C04F79EFBC}") = "SWE.EventSourcing", "SWE.EventSourcing\SWE.EventSourcing.csproj", "{163A3BBE-6DDE-4A7D-929D-4E100163A45F}"
EndProject
Global
	GlobalSection(SolutionConfigurationPlatforms) = preSolution
		Debug|Any CPU = Debug|Any CPU
		Release|Any CPU = Release|Any CPU
	EndGlobalSection
	GlobalSection(ProjectConfigurationPlatforms) = postSolution
		{8BDB05E5-D046-4F60-91E9-86207625070E}.Debug|Any CPU.ActiveCfg = Debug|Any CPU
		{8BDB05E5-D046-4F60-91E9-86207625070E}.Debug|Any CPU.Build.0 = Debug|Any CPU
		{8BDB05E5-D046-4F60-91E9-86207625070E}.Release|Any CPU.ActiveCfg = Release|Any CPU
		{8BDB05E5-D046-4F60-91E9-86207625070E}.Release|Any CPU.Build.0 = Release|Any CPU
		{B5A26BC3-CC9A-49B2-87EA-5EEE1869435A}.Debug|Any CPU.ActiveCfg = Debug|Any CPU
		{B5A26BC3-CC9A-49B2-87EA-5EEE1869435A}.Debug|Any CPU.Build.0 = Debug|Any CPU
		{B5A26BC3-CC9A-49B2-87EA-5EEE1869435A}.Release|Any CPU.ActiveCfg = Release|Any CPU
		{B5A26BC3-CC9A-49B2-87EA-5EEE1869435A}.Release|Any CPU.Build.0 = Release|Any CPU
		{F6EB190B-A1F3-4CB8-BCB4-6F9F9CDE11A5}.Debug|Any CPU.ActiveCfg = Debug|Any CPU
		{F6EB190B-A1F3-4CB8-BCB4-6F9F9CDE11A5}.Debug|Any CPU.Build.0 = Debug|Any CPU
		{F6EB190B-A1F3-4CB8-BCB4-6F9F9CDE11A5}.Release|Any CPU.ActiveCfg = Release|Any CPU
		{F6EB190B-A1F3-4CB8-BCB4-6F9F9CDE11A5}.Release|Any CPU.Build.0 = Release|Any CPU
		{E84962AD-02E9-4096-8DB2-DFE596C39DAD}.Debug|Any CPU.ActiveCfg = Debug|Any CPU
		{E84962AD-02E9-4096-8DB2-DFE596C39DAD}.Debug|Any CPU.Build.0 = Debug|Any CPU
		{E84962AD-02E9-4096-8DB2-DFE596C39DAD}.Release|Any CPU.ActiveCfg = Release|Any CPU
		{E84962AD-02E9-4096-8DB2-DFE596C39DAD}.Release|Any CPU.Build.0 = Release|Any CPU
		{CC204F7C-4AD4-4FEA-B4A9-EDA164C0F652}.Debug|Any CPU.ActiveCfg = Debug|Any CPU
		{CC204F7C-4AD4-4FEA-B4A9-EDA164C0F652}.Debug|Any CPU.Build.0 = Debug|Any CPU
		{CC204F7C-4AD4-4FEA-B4A9-EDA164C0F652}.Release|Any CPU.ActiveCfg = Release|Any CPU
		{CC204F7C-4AD4-4FEA-B4A9-EDA164C0F652}.Release|Any CPU.Build.0 = Release|Any CPU
		{8E170A11-EDD5-48AD-A57C-0FA1A3EA032F}.Debug|Any CPU.ActiveCfg = Debug|Any CPU
		{8E170A11-EDD5-48AD-A57C-0FA1A3EA032F}.Debug|Any CPU.Build.0 = Debug|Any CPU
		{8E170A11-EDD5-48AD-A57C-0FA1A3EA032F}.Release|Any CPU.ActiveCfg = Release|Any CPU
		{8E170A11-EDD5-48AD-A57C-0FA1A3EA032F}.Release|Any CPU.Build.0 = Release|Any CPU
		{AB7C38BF-84C8-4CD9-BDFD-EFB12DBE0953}.Debug|Any CPU.ActiveCfg = Debug|Any CPU
		{AB7C38BF-84C8-4CD9-BDFD-EFB12DBE0953}.Debug|Any CPU.Build.0 = Debug|Any CPU
		{AB7C38BF-84C8-4CD9-BDFD-EFB12DBE0953}.Release|Any CPU.ActiveCfg = Release|Any CPU
		{AB7C38BF-84C8-4CD9-BDFD-EFB12DBE0953}.Release|Any CPU.Build.0 = Release|Any CPU
		{D3CED6E9-A39E-4B25-9C43-74B8CB03F736}.Debug|Any CPU.ActiveCfg = Debug|Any CPU
		{D3CED6E9-A39E-4B25-9C43-74B8CB03F736}.Debug|Any CPU.Build.0 = Debug|Any CPU
		{D3CED6E9-A39E-4B25-9C43-74B8CB03F736}.Release|Any CPU.ActiveCfg = Release|Any CPU
		{D3CED6E9-A39E-4B25-9C43-74B8CB03F736}.Release|Any CPU.Build.0 = Release|Any CPU
		{0634376A-AD25-4FBB-A647-3A7F5DF15175}.Debug|Any CPU.ActiveCfg = Debug|Any CPU
		{0634376A-AD25-4FBB-A647-3A7F5DF15175}.Debug|Any CPU.Build.0 = Debug|Any CPU
		{0634376A-AD25-4FBB-A647-3A7F5DF15175}.Release|Any CPU.ActiveCfg = Release|Any CPU
		{0634376A-AD25-4FBB-A647-3A7F5DF15175}.Release|Any CPU.Build.0 = Release|Any CPU
		{2304B00A-25DC-460D-A11C-F25369BE4B71}.Debug|Any CPU.ActiveCfg = Debug|Any CPU
		{2304B00A-25DC-460D-A11C-F25369BE4B71}.Debug|Any CPU.Build.0 = Debug|Any CPU
		{2304B00A-25DC-460D-A11C-F25369BE4B71}.Release|Any CPU.ActiveCfg = Release|Any CPU
		{2304B00A-25DC-460D-A11C-F25369BE4B71}.Release|Any CPU.Build.0 = Release|Any CPU
		{789FACCE-B29B-4136-ACD2-7CB85107BE24}.Debug|Any CPU.ActiveCfg = Debug|Any CPU
		{789FACCE-B29B-4136-ACD2-7CB85107BE24}.Debug|Any CPU.Build.0 = Debug|Any CPU
		{789FACCE-B29B-4136-ACD2-7CB85107BE24}.Release|Any CPU.ActiveCfg = Release|Any CPU
		{789FACCE-B29B-4136-ACD2-7CB85107BE24}.Release|Any CPU.Build.0 = Release|Any CPU
		{BB8363E4-E582-4BC1-AFB7-8FCD18E89721}.Debug|Any CPU.ActiveCfg = Debug|Any CPU
		{BB8363E4-E582-4BC1-AFB7-8FCD18E89721}.Debug|Any CPU.Build.0 = Debug|Any CPU
		{BB8363E4-E582-4BC1-AFB7-8FCD18E89721}.Release|Any CPU.ActiveCfg = Release|Any CPU
		{BB8363E4-E582-4BC1-AFB7-8FCD18E89721}.Release|Any CPU.Build.0 = Release|Any CPU
		{8FFEBEBE-ADF5-440F-AA22-6AE50469018D}.Debug|Any CPU.ActiveCfg = Debug|Any CPU
		{8FFEBEBE-ADF5-440F-AA22-6AE50469018D}.Debug|Any CPU.Build.0 = Debug|Any CPU
		{8FFEBEBE-ADF5-440F-AA22-6AE50469018D}.Release|Any CPU.ActiveCfg = Release|Any CPU
		{8FFEBEBE-ADF5-440F-AA22-6AE50469018D}.Release|Any CPU.Build.0 = Release|Any CPU
		{C7DA6CA7-ED28-47A5-93A9-F0C2541663B2}.Debug|Any CPU.ActiveCfg = Debug|Any CPU
		{C7DA6CA7-ED28-47A5-93A9-F0C2541663B2}.Debug|Any CPU.Build.0 = Debug|Any CPU
		{C7DA6CA7-ED28-47A5-93A9-F0C2541663B2}.Release|Any CPU.ActiveCfg = Release|Any CPU
		{C7DA6CA7-ED28-47A5-93A9-F0C2541663B2}.Release|Any CPU.Build.0 = Release|Any CPU
		{E0405AB1-E751-4D69-A9CE-00D9B15DC19B}.Debug|Any CPU.ActiveCfg = Debug|Any CPU
		{E0405AB1-E751-4D69-A9CE-00D9B15DC19B}.Debug|Any CPU.Build.0 = Debug|Any CPU
		{E0405AB1-E751-4D69-A9CE-00D9B15DC19B}.Release|Any CPU.ActiveCfg = Release|Any CPU
		{E0405AB1-E751-4D69-A9CE-00D9B15DC19B}.Release|Any CPU.Build.0 = Release|Any CPU
		{A05EA937-7740-4BB4-83D0-D7FB31CEDB42}.Debug|Any CPU.ActiveCfg = Debug|Any CPU
		{A05EA937-7740-4BB4-83D0-D7FB31CEDB42}.Debug|Any CPU.Build.0 = Debug|Any CPU
		{A05EA937-7740-4BB4-83D0-D7FB31CEDB42}.Release|Any CPU.ActiveCfg = Release|Any CPU
		{A05EA937-7740-4BB4-83D0-D7FB31CEDB42}.Release|Any CPU.Build.0 = Release|Any CPU
		{F63E906C-46DA-4A75-A41E-EB53AFCBD8D8}.Debug|Any CPU.ActiveCfg = Debug|Any CPU
		{F63E906C-46DA-4A75-A41E-EB53AFCBD8D8}.Debug|Any CPU.Build.0 = Debug|Any CPU
		{F63E906C-46DA-4A75-A41E-EB53AFCBD8D8}.Release|Any CPU.ActiveCfg = Release|Any CPU
		{F63E906C-46DA-4A75-A41E-EB53AFCBD8D8}.Release|Any CPU.Build.0 = Release|Any CPU
		{1D647B13-A8AB-48B4-8F7E-8B3DDEB1FC11}.Debug|Any CPU.ActiveCfg = Debug|Any CPU
		{1D647B13-A8AB-48B4-8F7E-8B3DDEB1FC11}.Debug|Any CPU.Build.0 = Debug|Any CPU
		{1D647B13-A8AB-48B4-8F7E-8B3DDEB1FC11}.Release|Any CPU.ActiveCfg = Release|Any CPU
		{1D647B13-A8AB-48B4-8F7E-8B3DDEB1FC11}.Release|Any CPU.Build.0 = Release|Any CPU
		{C0C19B73-6E6C-4617-A56A-8157DB14A023}.Debug|Any CPU.ActiveCfg = Debug|Any CPU
		{C0C19B73-6E6C-4617-A56A-8157DB14A023}.Debug|Any CPU.Build.0 = Debug|Any CPU
		{C0C19B73-6E6C-4617-A56A-8157DB14A023}.Release|Any CPU.ActiveCfg = Release|Any CPU
		{C0C19B73-6E6C-4617-A56A-8157DB14A023}.Release|Any CPU.Build.0 = Release|Any CPU
		{DAA98F8E-2DC8-405D-8E76-7F82010292A8}.Debug|Any CPU.ActiveCfg = Debug|Any CPU
		{DAA98F8E-2DC8-405D-8E76-7F82010292A8}.Debug|Any CPU.Build.0 = Debug|Any CPU
		{DAA98F8E-2DC8-405D-8E76-7F82010292A8}.Release|Any CPU.ActiveCfg = Release|Any CPU
		{DAA98F8E-2DC8-405D-8E76-7F82010292A8}.Release|Any CPU.Build.0 = Release|Any CPU
		{B6664B01-0003-47D5-9B79-BE4DB34E6087}.Debug|Any CPU.ActiveCfg = Debug|Any CPU
		{B6664B01-0003-47D5-9B79-BE4DB34E6087}.Debug|Any CPU.Build.0 = Debug|Any CPU
		{B6664B01-0003-47D5-9B79-BE4DB34E6087}.Release|Any CPU.ActiveCfg = Release|Any CPU
		{B6664B01-0003-47D5-9B79-BE4DB34E6087}.Release|Any CPU.Build.0 = Release|Any CPU
		{7F954BF7-D9CA-4A84-B6F3-77145F00C403}.Debug|Any CPU.ActiveCfg = Debug|Any CPU
		{7F954BF7-D9CA-4A84-B6F3-77145F00C403}.Debug|Any CPU.Build.0 = Debug|Any CPU
		{7F954BF7-D9CA-4A84-B6F3-77145F00C403}.Release|Any CPU.ActiveCfg = Release|Any CPU
		{7F954BF7-D9CA-4A84-B6F3-77145F00C403}.Release|Any CPU.Build.0 = Release|Any CPU
		{1F5C9B98-DDAD-4474-BEC0-91917A216DE9}.Debug|Any CPU.ActiveCfg = Debug|Any CPU
		{1F5C9B98-DDAD-4474-BEC0-91917A216DE9}.Debug|Any CPU.Build.0 = Debug|Any CPU
		{1F5C9B98-DDAD-4474-BEC0-91917A216DE9}.Release|Any CPU.ActiveCfg = Release|Any CPU
		{1F5C9B98-DDAD-4474-BEC0-91917A216DE9}.Release|Any CPU.Build.0 = Release|Any CPU
		{163A3BBE-6DDE-4A7D-929D-4E100163A45F}.Debug|Any CPU.ActiveCfg = Debug|Any CPU
		{163A3BBE-6DDE-4A7D-929D-4E100163A45F}.Debug|Any CPU.Build.0 = Debug|Any CPU
		{163A3BBE-6DDE-4A7D-929D-4E100163A45F}.Release|Any CPU.ActiveCfg = Release|Any CPU
		{163A3BBE-6DDE-4A7D-929D-4E100163A45F}.Release|Any CPU.Build.0 = Release|Any CPU
	EndGlobalSection
	GlobalSection(SolutionProperties) = preSolution
		HideSolutionNode = FALSE
	EndGlobalSection
	GlobalSection(ExtensibilityGlobals) = postSolution
		SolutionGuid = {BDC76223-3102-4FD9-A546-3952236680D3}
	EndGlobalSection
EndGlobal
